
Microsoft Visual Studio Solution File, Format Version 12.00
# Visual Studio Version 17
VisualStudioVersion = 17.14.36301.6
MinimumVisualStudioVersion = 10.0.40219.1
Project("{FAE04EC0-301F-11D3-BF4B-00C04F79EFBC}") = "eGranjaCAT.Application", "eGranjaCAT.Application\eGranjaCAT.Application.csproj", "{FD3E1F1E-4565-45A7-91C3-0FF4C6901635}"
EndProject
Project("{FAE04EC0-301F-11D3-BF4B-00C04F79EFBC}") = "eGranjaCAT.Domain", "eGranjaCAT.Domain\eGranjaCAT.Domain.csproj", "{7C470769-5D02-4137-9A79-2984C0CE3C0B}"
EndProject
Project("{FAE04EC0-301F-11D3-BF4B-00C04F79EFBC}") = "eGranjaCAT.Infrastructure", "eGranjaCAT.Infrastructure\eGranjaCAT.Infrastructure.csproj", "{D5E8778F-0F4C-49D7-9106-EDA3445BD4EB}"
EndProject
Project("{FAE04EC0-301F-11D3-BF4B-00C04F79EFBC}") = "eGranjaCAT.Shared", "eGranjaCAT.Shared\eGranjaCAT.Shared.csproj", "{9F3C24DC-0140-492B-8057-702300DD7B63}"
EndProject
Project("{FAE04EC0-301F-11D3-BF4B-00C04F79EFBC}") = "eGranjaCAT.Api", "eGranjaCAT.Api\eGranjaCAT.Api.csproj", "{EC5AC869-3D04-94D3-0E9B-89967D9D5BC2}"
EndProject
Global
	GlobalSection(SolutionConfigurationPlatforms) = preSolution
		Debug|Any CPU = Debug|Any CPU
		Release|Any CPU = Release|Any CPU
	EndGlobalSection
	GlobalSection(ProjectConfigurationPlatforms) = postSolution
		{FD3E1F1E-4565-45A7-91C3-0FF4C6901635}.Debug|Any CPU.ActiveCfg = Debug|Any CPU
		{FD3E1F1E-4565-45A7-91C3-0FF4C6901635}.Debug|Any CPU.Build.0 = Debug|Any CPU
		{FD3E1F1E-4565-45A7-91C3-0FF4C6901635}.Release|Any CPU.ActiveCfg = Release|Any CPU
		{FD3E1F1E-4565-45A7-91C3-0FF4C6901635}.Release|Any CPU.Build.0 = Release|Any CPU
		{7C470769-5D02-4137-9A79-2984C0CE3C0B}.Debug|Any CPU.ActiveCfg = Debug|Any CPU
		{7C470769-5D02-4137-9A79-2984C0CE3C0B}.Debug|Any CPU.Build.0 = Debug|Any CPU
		{7C470769-5D02-4137-9A79-2984C0CE3C0B}.Release|Any CPU.ActiveCfg = Release|Any CPU
		{7C470769-5D02-4137-9A79-2984C0CE3C0B}.Release|Any CPU.Build.0 = Release|Any CPU
		{D5E8778F-0F4C-49D7-9106-EDA3445BD4EB}.Debug|Any CPU.ActiveCfg = Debug|Any CPU
		{D5E8778F-0F4C-49D7-9106-EDA3445BD4EB}.Debug|Any CPU.Build.0 = Debug|Any CPU
		{D5E8778F-0F4C-49D7-9106-EDA3445BD4EB}.Release|Any CPU.ActiveCfg = Release|Any CPU
		{D5E8778F-0F4C-49D7-9106-EDA3445BD4EB}.Release|Any CPU.Build.0 = Release|Any CPU
		{9F3C24DC-0140-492B-8057-702300DD7B63}.Debug|Any CPU.ActiveCfg = Debug|Any CPU
		{9F3C24DC-0140-492B-8057-702300DD7B63}.Debug|Any CPU.Build.0 = Debug|Any CPU
		{9F3C24DC-0140-492B-8057-702300DD7B63}.Release|Any CPU.ActiveCfg = Release|Any CPU
		{9F3C24DC-0140-492B-8057-702300DD7B63}.Release|Any CPU.Build.0 = Release|Any CPU
		{EC5AC869-3D04-94D3-0E9B-89967D9D5BC2}.Debug|Any CPU.ActiveCfg = Debug|Any CPU
		{EC5AC869-3D04-94D3-0E9B-89967D9D5BC2}.Debug|Any CPU.Build.0 = Debug|Any CPU
		{EC5AC869-3D04-94D3-0E9B-89967D9D5BC2}.Release|Any CPU.ActiveCfg = Release|Any CPU
		{EC5AC869-3D04-94D3-0E9B-89967D9D5BC2}.Release|Any CPU.Build.0 = Release|Any CPU
	EndGlobalSection
	GlobalSection(SolutionProperties) = preSolution
		HideSolutionNode = FALSE
	EndGlobalSection
	GlobalSection(ExtensibilityGlobals) = postSolution
		SolutionGuid = {194FA5B6-2A5C-4CC5-AD6A-914DAAEB4134}
	EndGlobalSection
EndGlobal
